// !$*UTF8*$!
{
	archiveVersion = 1;
	classes = {
	};
	objectVersion = 55;
	objects = {

/* Begin PBXBuildFile section */
		6221E66B2708E32C00D00A4B /* NetworkHandler.swift in Sources */ = {isa = PBXBuildFile; fileRef = 6221E66A2708E32C00D00A4B /* NetworkHandler.swift */; };
		6221E66D2708E4BF00D00A4B /* Message.swift in Sources */ = {isa = PBXBuildFile; fileRef = 6221E66C2708E4BF00D00A4B /* Message.swift */; };
		6221E66F2708E71300D00A4B /* User.swift in Sources */ = {isa = PBXBuildFile; fileRef = 6221E66E2708E71300D00A4B /* User.swift */; };
		62794372270953E800330294 /* RecordView.swift in Sources */ = {isa = PBXBuildFile; fileRef = 62794371270953E800330294 /* RecordView.swift */; };
		627943742709553700330294 /* WaveAnimation.swift in Sources */ = {isa = PBXBuildFile; fileRef = 627943732709553700330294 /* WaveAnimation.swift */; };
		62794376270A2AFF00330294 /* SearchBar.swift in Sources */ = {isa = PBXBuildFile; fileRef = 62794375270A2AFF00330294 /* SearchBar.swift */; };
		62794378270A32C800330294 /* ProfileImage.swift in Sources */ = {isa = PBXBuildFile; fileRef = 62794377270A32C800330294 /* ProfileImage.swift */; };
		6279437A270A48D800330294 /* CustomError.swift in Sources */ = {isa = PBXBuildFile; fileRef = 62794379270A48D800330294 /* CustomError.swift */; };
		6279437C270A498B00330294 /* Player.swift in Sources */ = {isa = PBXBuildFile; fileRef = 6279437B270A498B00330294 /* Player.swift */; };
		6279437E270A4A3A00330294 /* MessageBubbleHandler.swift in Sources */ = {isa = PBXBuildFile; fileRef = 6279437D270A4A3A00330294 /* MessageBubbleHandler.swift */; };
		62794384270A579D00330294 /* SwiftUIPullToRefresh in Frameworks */ = {isa = PBXBuildFile; productRef = 62794383270A579D00330294 /* SwiftUIPullToRefresh */; };
		62794386270A639D00330294 /* UserSettingsView.swift in Sources */ = {isa = PBXBuildFile; fileRef = 62794385270A639D00330294 /* UserSettingsView.swift */; };
		62794388270A647000330294 /* Preferences.swift in Sources */ = {isa = PBXBuildFile; fileRef = 62794387270A647000330294 /* Preferences.swift */; };
		6279438A270A816800330294 /* AdminView.swift in Sources */ = {isa = PBXBuildFile; fileRef = 62794389270A816800330294 /* AdminView.swift */; };
		6279438D270A968F00330294 /* CircleLinesAnimation in Frameworks */ = {isa = PBXBuildFile; productRef = 6279438C270A968F00330294 /* CircleLinesAnimation */; };
		6279438F270A9EFA00330294 /* RefreshableScrollView.swift in Sources */ = {isa = PBXBuildFile; fileRef = 6279438E270A9EFA00330294 /* RefreshableScrollView.swift */; };
		62B322132708F6F900B421AE /* WalkieTalkieView.swift in Sources */ = {isa = PBXBuildFile; fileRef = 62B322122708F6F900B421AE /* WalkieTalkieView.swift */; };
		62B322152708F76000B421AE /* WalkieTalkieRow.swift in Sources */ = {isa = PBXBuildFile; fileRef = 62B322142708F76000B421AE /* WalkieTalkieRow.swift */; };
		62B322182708F82600B421AE /* Eextensions.swift in Sources */ = {isa = PBXBuildFile; fileRef = 62B322172708F82600B421AE /* Eextensions.swift */; };
		62B3221A270908F000B421AE /* ContentViewHandler.swift in Sources */ = {isa = PBXBuildFile; fileRef = 62B32219270908F000B421AE /* ContentViewHandler.swift */; };
		62B3221D2709411000B421AE /* MessageBubble.swift in Sources */ = {isa = PBXBuildFile; fileRef = 62B3221C2709411000B421AE /* MessageBubble.swift */; };
		62B3221F2709425A00B421AE /* MessagesView.swift in Sources */ = {isa = PBXBuildFile; fileRef = 62B3221E2709425A00B421AE /* MessagesView.swift */; };
		62B9ACA02708D83600BD350F /* walkie_talkieApp.swift in Sources */ = {isa = PBXBuildFile; fileRef = 62B9AC9F2708D83600BD350F /* walkie_talkieApp.swift */; };
		62B9ACA22708D83600BD350F /* ContentView.swift in Sources */ = {isa = PBXBuildFile; fileRef = 62B9ACA12708D83600BD350F /* ContentView.swift */; };
		62B9ACA42708D83900BD350F /* Assets.xcassets in Resources */ = {isa = PBXBuildFile; fileRef = 62B9ACA32708D83900BD350F /* Assets.xcassets */; };
		62B9ACA72708D83900BD350F /* Preview Assets.xcassets in Resources */ = {isa = PBXBuildFile; fileRef = 62B9ACA62708D83900BD350F /* Preview Assets.xcassets */; };
		62B9ACB12708D83900BD350F /* walkie_talkieTests.swift in Sources */ = {isa = PBXBuildFile; fileRef = 62B9ACB02708D83900BD350F /* walkie_talkieTests.swift */; };
		62B9ACBB2708D83900BD350F /* walkie_talkieUITests.swift in Sources */ = {isa = PBXBuildFile; fileRef = 62B9ACBA2708D83900BD350F /* walkie_talkieUITests.swift */; };
		62B9ACBD2708D83900BD350F /* walkie_talkieUITestsLaunchTests.swift in Sources */ = {isa = PBXBuildFile; fileRef = 62B9ACBC2708D83900BD350F /* walkie_talkieUITestsLaunchTests.swift */; };
/* End PBXBuildFile section */

/* Begin PBXContainerItemProxy section */
		62B9ACAD2708D83900BD350F /* PBXContainerItemProxy */ = {
			isa = PBXContainerItemProxy;
			containerPortal = 62B9AC942708D83600BD350F /* Project object */;
			proxyType = 1;
			remoteGlobalIDString = 62B9AC9B2708D83600BD350F;
			remoteInfo = "walkie-talkie";
		};
		62B9ACB72708D83900BD350F /* PBXContainerItemProxy */ = {
			isa = PBXContainerItemProxy;
			containerPortal = 62B9AC942708D83600BD350F /* Project object */;
			proxyType = 1;
			remoteGlobalIDString = 62B9AC9B2708D83600BD350F;
			remoteInfo = "walkie-talkie";
		};
/* End PBXContainerItemProxy section */

/* Begin PBXFileReference section */
		6221E66A2708E32C00D00A4B /* NetworkHandler.swift */ = {isa = PBXFileReference; lastKnownFileType = sourcecode.swift; path = NetworkHandler.swift; sourceTree = "<group>"; };
		6221E66C2708E4BF00D00A4B /* Message.swift */ = {isa = PBXFileReference; lastKnownFileType = sourcecode.swift; path = Message.swift; sourceTree = "<group>"; };
		6221E66E2708E71300D00A4B /* User.swift */ = {isa = PBXFileReference; lastKnownFileType = sourcecode.swift; path = User.swift; sourceTree = "<group>"; };
		62794371270953E800330294 /* RecordView.swift */ = {isa = PBXFileReference; lastKnownFileType = sourcecode.swift; path = RecordView.swift; sourceTree = "<group>"; };
		627943732709553700330294 /* WaveAnimation.swift */ = {isa = PBXFileReference; lastKnownFileType = sourcecode.swift; path = WaveAnimation.swift; sourceTree = "<group>"; };
		62794375270A2AFF00330294 /* SearchBar.swift */ = {isa = PBXFileReference; lastKnownFileType = sourcecode.swift; path = SearchBar.swift; sourceTree = "<group>"; };
		62794377270A32C800330294 /* ProfileImage.swift */ = {isa = PBXFileReference; lastKnownFileType = sourcecode.swift; path = ProfileImage.swift; sourceTree = "<group>"; };
		62794379270A48D800330294 /* CustomError.swift */ = {isa = PBXFileReference; lastKnownFileType = sourcecode.swift; path = CustomError.swift; sourceTree = "<group>"; };
		6279437B270A498B00330294 /* Player.swift */ = {isa = PBXFileReference; lastKnownFileType = sourcecode.swift; path = Player.swift; sourceTree = "<group>"; };
		6279437D270A4A3A00330294 /* MessageBubbleHandler.swift */ = {isa = PBXFileReference; lastKnownFileType = sourcecode.swift; path = MessageBubbleHandler.swift; sourceTree = "<group>"; };
		62794385270A639D00330294 /* UserSettingsView.swift */ = {isa = PBXFileReference; lastKnownFileType = sourcecode.swift; path = UserSettingsView.swift; sourceTree = "<group>"; };
		62794387270A647000330294 /* Preferences.swift */ = {isa = PBXFileReference; lastKnownFileType = sourcecode.swift; path = Preferences.swift; sourceTree = "<group>"; };
		62794389270A816800330294 /* AdminView.swift */ = {isa = PBXFileReference; lastKnownFileType = sourcecode.swift; path = AdminView.swift; sourceTree = "<group>"; };
		6279438E270A9EFA00330294 /* RefreshableScrollView.swift */ = {isa = PBXFileReference; lastKnownFileType = sourcecode.swift; path = RefreshableScrollView.swift; sourceTree = "<group>"; };
		62B322102708F50100B421AE /* Info.plist */ = {isa = PBXFileReference; lastKnownFileType = text.plist; path = Info.plist; sourceTree = "<group>"; };
		62B322122708F6F900B421AE /* WalkieTalkieView.swift */ = {isa = PBXFileReference; lastKnownFileType = sourcecode.swift; path = WalkieTalkieView.swift; sourceTree = "<group>"; };
		62B322142708F76000B421AE /* WalkieTalkieRow.swift */ = {isa = PBXFileReference; lastKnownFileType = sourcecode.swift; path = WalkieTalkieRow.swift; sourceTree = "<group>"; };
		62B322172708F82600B421AE /* Eextensions.swift */ = {isa = PBXFileReference; lastKnownFileType = sourcecode.swift; path = Eextensions.swift; sourceTree = "<group>"; };
		62B32219270908F000B421AE /* ContentViewHandler.swift */ = {isa = PBXFileReference; lastKnownFileType = sourcecode.swift; path = ContentViewHandler.swift; sourceTree = "<group>"; };
		62B3221C2709411000B421AE /* MessageBubble.swift */ = {isa = PBXFileReference; lastKnownFileType = sourcecode.swift; path = MessageBubble.swift; sourceTree = "<group>"; };
		62B3221E2709425A00B421AE /* MessagesView.swift */ = {isa = PBXFileReference; lastKnownFileType = sourcecode.swift; path = MessagesView.swift; sourceTree = "<group>"; };
		62B9AC9C2708D83600BD350F /* walkie-talkie.app */ = {isa = PBXFileReference; explicitFileType = wrapper.application; includeInIndex = 0; path = "walkie-talkie.app"; sourceTree = BUILT_PRODUCTS_DIR; };
		62B9AC9F2708D83600BD350F /* walkie_talkieApp.swift */ = {isa = PBXFileReference; lastKnownFileType = sourcecode.swift; path = walkie_talkieApp.swift; sourceTree = "<group>"; };
		62B9ACA12708D83600BD350F /* ContentView.swift */ = {isa = PBXFileReference; lastKnownFileType = sourcecode.swift; path = ContentView.swift; sourceTree = "<group>"; };
		62B9ACA32708D83900BD350F /* Assets.xcassets */ = {isa = PBXFileReference; lastKnownFileType = folder.assetcatalog; path = Assets.xcassets; sourceTree = "<group>"; };
		62B9ACA62708D83900BD350F /* Preview Assets.xcassets */ = {isa = PBXFileReference; lastKnownFileType = folder.assetcatalog; path = "Preview Assets.xcassets"; sourceTree = "<group>"; };
		62B9ACAC2708D83900BD350F /* walkie-talkieTests.xctest */ = {isa = PBXFileReference; explicitFileType = wrapper.cfbundle; includeInIndex = 0; path = "walkie-talkieTests.xctest"; sourceTree = BUILT_PRODUCTS_DIR; };
		62B9ACB02708D83900BD350F /* walkie_talkieTests.swift */ = {isa = PBXFileReference; lastKnownFileType = sourcecode.swift; path = walkie_talkieTests.swift; sourceTree = "<group>"; };
		62B9ACB62708D83900BD350F /* walkie-talkieUITests.xctest */ = {isa = PBXFileReference; explicitFileType = wrapper.cfbundle; includeInIndex = 0; path = "walkie-talkieUITests.xctest"; sourceTree = BUILT_PRODUCTS_DIR; };
		62B9ACBA2708D83900BD350F /* walkie_talkieUITests.swift */ = {isa = PBXFileReference; lastKnownFileType = sourcecode.swift; path = walkie_talkieUITests.swift; sourceTree = "<group>"; };
		62B9ACBC2708D83900BD350F /* walkie_talkieUITestsLaunchTests.swift */ = {isa = PBXFileReference; lastKnownFileType = sourcecode.swift; path = walkie_talkieUITestsLaunchTests.swift; sourceTree = "<group>"; };
/* End PBXFileReference section */

/* Begin PBXFrameworksBuildPhase section */
		62B9AC992708D83600BD350F /* Frameworks */ = {
			isa = PBXFrameworksBuildPhase;
			buildActionMask = 2147483647;
			files = (
				62794384270A579D00330294 /* SwiftUIPullToRefresh in Frameworks */,
				6279438D270A968F00330294 /* CircleLinesAnimation in Frameworks */,
			);
			runOnlyForDeploymentPostprocessing = 0;
		};
		62B9ACA92708D83900BD350F /* Frameworks */ = {
			isa = PBXFrameworksBuildPhase;
			buildActionMask = 2147483647;
			files = (
			);
			runOnlyForDeploymentPostprocessing = 0;
		};
		62B9ACB32708D83900BD350F /* Frameworks */ = {
			isa = PBXFrameworksBuildPhase;
			buildActionMask = 2147483647;
			files = (
			);
			runOnlyForDeploymentPostprocessing = 0;
		};
/* End PBXFrameworksBuildPhase section */

/* Begin PBXGroup section */
		62B322112708F68300B421AE /* Views */ = {
			isa = PBXGroup;
			children = (
				62B322122708F6F900B421AE /* WalkieTalkieView.swift */,
				62B322142708F76000B421AE /* WalkieTalkieRow.swift */,
				62B3221E2709425A00B421AE /* MessagesView.swift */,
				62B3221C2709411000B421AE /* MessageBubble.swift */,
				62794371270953E800330294 /* RecordView.swift */,
				627943732709553700330294 /* WaveAnimation.swift */,
				62794375270A2AFF00330294 /* SearchBar.swift */,
				62794377270A32C800330294 /* ProfileImage.swift */,
				62794385270A639D00330294 /* UserSettingsView.swift */,
				62794389270A816800330294 /* AdminView.swift */,
				6279438E270A9EFA00330294 /* RefreshableScrollView.swift */,
			);
			name = Views;
			sourceTree = "<group>";
		};
		62B322162708F80400B421AE /* Helpers */ = {
			isa = PBXGroup;
			children = (
				62B322172708F82600B421AE /* Eextensions.swift */,
				62794379270A48D800330294 /* CustomError.swift */,
				62794387270A647000330294 /* Preferences.swift */,
			);
			path = Helpers;
			sourceTree = "<group>";
		};
		62B9AC932708D83600BD350F = {
			isa = PBXGroup;
			children = (
				62B9AC9E2708D83600BD350F /* walkie-talkie */,
				62B9ACAF2708D83900BD350F /* walkie-talkieTests */,
				62B9ACB92708D83900BD350F /* walkie-talkieUITests */,
				62B9AC9D2708D83600BD350F /* Products */,
			);
			sourceTree = "<group>";
		};
		62B9AC9D2708D83600BD350F /* Products */ = {
			isa = PBXGroup;
			children = (
				62B9AC9C2708D83600BD350F /* walkie-talkie.app */,
				62B9ACAC2708D83900BD350F /* walkie-talkieTests.xctest */,
				62B9ACB62708D83900BD350F /* walkie-talkieUITests.xctest */,
			);
			name = Products;
			sourceTree = "<group>";
		};
		62B9AC9E2708D83600BD350F /* walkie-talkie */ = {
			isa = PBXGroup;
			children = (
				62B322102708F50100B421AE /* Info.plist */,
				62B9AC9F2708D83600BD350F /* walkie_talkieApp.swift */,
				62B9ACA12708D83600BD350F /* ContentView.swift */,
				62B32219270908F000B421AE /* ContentViewHandler.swift */,
				6221E66A2708E32C00D00A4B /* NetworkHandler.swift */,
				6221E66C2708E4BF00D00A4B /* Message.swift */,
				6221E66E2708E71300D00A4B /* User.swift */,
				6279437B270A498B00330294 /* Player.swift */,
				6279437D270A4A3A00330294 /* MessageBubbleHandler.swift */,
				62B322112708F68300B421AE /* Views */,
				62B322162708F80400B421AE /* Helpers */,
				62B9ACA32708D83900BD350F /* Assets.xcassets */,
				62B9ACA52708D83900BD350F /* Preview Content */,
			);
			path = "walkie-talkie";
			sourceTree = "<group>";
		};
		62B9ACA52708D83900BD350F /* Preview Content */ = {
			isa = PBXGroup;
			children = (
				62B9ACA62708D83900BD350F /* Preview Assets.xcassets */,
			);
			path = "Preview Content";
			sourceTree = "<group>";
		};
		62B9ACAF2708D83900BD350F /* walkie-talkieTests */ = {
			isa = PBXGroup;
			children = (
				62B9ACB02708D83900BD350F /* walkie_talkieTests.swift */,
			);
			path = "walkie-talkieTests";
			sourceTree = "<group>";
		};
		62B9ACB92708D83900BD350F /* walkie-talkieUITests */ = {
			isa = PBXGroup;
			children = (
				62B9ACBA2708D83900BD350F /* walkie_talkieUITests.swift */,
				62B9ACBC2708D83900BD350F /* walkie_talkieUITestsLaunchTests.swift */,
			);
			path = "walkie-talkieUITests";
			sourceTree = "<group>";
		};
/* End PBXGroup section */

/* Begin PBXNativeTarget section */
		62B9AC9B2708D83600BD350F /* walkie-talkie */ = {
			isa = PBXNativeTarget;
			buildConfigurationList = 62B9ACC02708D83900BD350F /* Build configuration list for PBXNativeTarget "walkie-talkie" */;
			buildPhases = (
				62B9AC982708D83600BD350F /* Sources */,
				62B9AC992708D83600BD350F /* Frameworks */,
				62B9AC9A2708D83600BD350F /* Resources */,
			);
			buildRules = (
			);
			dependencies = (
			);
			name = "walkie-talkie";
			packageProductDependencies = (
				62794383270A579D00330294 /* SwiftUIPullToRefresh */,
				6279438C270A968F00330294 /* CircleLinesAnimation */,
			);
			productName = "walkie-talkie";
			productReference = 62B9AC9C2708D83600BD350F /* walkie-talkie.app */;
			productType = "com.apple.product-type.application";
		};
		62B9ACAB2708D83900BD350F /* walkie-talkieTests */ = {
			isa = PBXNativeTarget;
			buildConfigurationList = 62B9ACC32708D83900BD350F /* Build configuration list for PBXNativeTarget "walkie-talkieTests" */;
			buildPhases = (
				62B9ACA82708D83900BD350F /* Sources */,
				62B9ACA92708D83900BD350F /* Frameworks */,
				62B9ACAA2708D83900BD350F /* Resources */,
			);
			buildRules = (
			);
			dependencies = (
				62B9ACAE2708D83900BD350F /* PBXTargetDependency */,
			);
			name = "walkie-talkieTests";
			productName = "walkie-talkieTests";
			productReference = 62B9ACAC2708D83900BD350F /* walkie-talkieTests.xctest */;
			productType = "com.apple.product-type.bundle.unit-test";
		};
		62B9ACB52708D83900BD350F /* walkie-talkieUITests */ = {
			isa = PBXNativeTarget;
			buildConfigurationList = 62B9ACC62708D83900BD350F /* Build configuration list for PBXNativeTarget "walkie-talkieUITests" */;
			buildPhases = (
				62B9ACB22708D83900BD350F /* Sources */,
				62B9ACB32708D83900BD350F /* Frameworks */,
				62B9ACB42708D83900BD350F /* Resources */,
			);
			buildRules = (
			);
			dependencies = (
				62B9ACB82708D83900BD350F /* PBXTargetDependency */,
			);
			name = "walkie-talkieUITests";
			productName = "walkie-talkieUITests";
			productReference = 62B9ACB62708D83900BD350F /* walkie-talkieUITests.xctest */;
			productType = "com.apple.product-type.bundle.ui-testing";
		};
/* End PBXNativeTarget section */

/* Begin PBXProject section */
		62B9AC942708D83600BD350F /* Project object */ = {
			isa = PBXProject;
			attributes = {
				BuildIndependentTargetsInParallel = 1;
				LastSwiftUpdateCheck = 1300;
				LastUpgradeCheck = 1300;
				TargetAttributes = {
					62B9AC9B2708D83600BD350F = {
						CreatedOnToolsVersion = 13.0;
					};
					62B9ACAB2708D83900BD350F = {
						CreatedOnToolsVersion = 13.0;
						TestTargetID = 62B9AC9B2708D83600BD350F;
					};
					62B9ACB52708D83900BD350F = {
						CreatedOnToolsVersion = 13.0;
						TestTargetID = 62B9AC9B2708D83600BD350F;
					};
				};
			};
			buildConfigurationList = 62B9AC972708D83600BD350F /* Build configuration list for PBXProject "walkie-talkie" */;
			compatibilityVersion = "Xcode 13.0";
			developmentRegion = en;
			hasScannedForEncodings = 0;
			knownRegions = (
				en,
				Base,
			);
			mainGroup = 62B9AC932708D83600BD350F;
			packageReferences = (
				62794382270A579D00330294 /* XCRemoteSwiftPackageReference "swiftui-pull-to-refresh" */,
				6279438B270A968F00330294 /* XCRemoteSwiftPackageReference "Loading-Animations" */,
			);
			productRefGroup = 62B9AC9D2708D83600BD350F /* Products */;
			projectDirPath = "";
			projectRoot = "";
			targets = (
				62B9AC9B2708D83600BD350F /* walkie-talkie */,
				62B9ACAB2708D83900BD350F /* walkie-talkieTests */,
				62B9ACB52708D83900BD350F /* walkie-talkieUITests */,
			);
		};
/* End PBXProject section */

/* Begin PBXResourcesBuildPhase section */
		62B9AC9A2708D83600BD350F /* Resources */ = {
			isa = PBXResourcesBuildPhase;
			buildActionMask = 2147483647;
			files = (
				62B9ACA72708D83900BD350F /* Preview Assets.xcassets in Resources */,
				62B9ACA42708D83900BD350F /* Assets.xcassets in Resources */,
			);
			runOnlyForDeploymentPostprocessing = 0;
		};
		62B9ACAA2708D83900BD350F /* Resources */ = {
			isa = PBXResourcesBuildPhase;
			buildActionMask = 2147483647;
			files = (
			);
			runOnlyForDeploymentPostprocessing = 0;
		};
		62B9ACB42708D83900BD350F /* Resources */ = {
			isa = PBXResourcesBuildPhase;
			buildActionMask = 2147483647;
			files = (
			);
			runOnlyForDeploymentPostprocessing = 0;
		};
/* End PBXResourcesBuildPhase section */

/* Begin PBXSourcesBuildPhase section */
		62B9AC982708D83600BD350F /* Sources */ = {
			isa = PBXSourcesBuildPhase;
			buildActionMask = 2147483647;
			files = (
				62B3221A270908F000B421AE /* ContentViewHandler.swift in Sources */,
				6279437A270A48D800330294 /* CustomError.swift in Sources */,
				62794388270A647000330294 /* Preferences.swift in Sources */,
				62794372270953E800330294 /* RecordView.swift in Sources */,
				62B9ACA22708D83600BD350F /* ContentView.swift in Sources */,
				62B322182708F82600B421AE /* Eextensions.swift in Sources */,
				62B322132708F6F900B421AE /* WalkieTalkieView.swift in Sources */,
				6221E66D2708E4BF00D00A4B /* Message.swift in Sources */,
				6279438A270A816800330294 /* AdminView.swift in Sources */,
				62B9ACA02708D83600BD350F /* walkie_talkieApp.swift in Sources */,
				62794376270A2AFF00330294 /* SearchBar.swift in Sources */,
				62B322152708F76000B421AE /* WalkieTalkieRow.swift in Sources */,
				62B3221F2709425A00B421AE /* MessagesView.swift in Sources */,
				627943742709553700330294 /* WaveAnimation.swift in Sources */,
				62B3221D2709411000B421AE /* MessageBubble.swift in Sources */,
				6221E66F2708E71300D00A4B /* User.swift in Sources */,
				6279437E270A4A3A00330294 /* MessageBubbleHandler.swift in Sources */,
				62794386270A639D00330294 /* UserSettingsView.swift in Sources */,
				62794378270A32C800330294 /* ProfileImage.swift in Sources */,
				6279437C270A498B00330294 /* Player.swift in Sources */,
				6221E66B2708E32C00D00A4B /* NetworkHandler.swift in Sources */,
				6279438F270A9EFA00330294 /* RefreshableScrollView.swift in Sources */,
			);
			runOnlyForDeploymentPostprocessing = 0;
		};
		62B9ACA82708D83900BD350F /* Sources */ = {
			isa = PBXSourcesBuildPhase;
			buildActionMask = 2147483647;
			files = (
				62B9ACB12708D83900BD350F /* walkie_talkieTests.swift in Sources */,
			);
			runOnlyForDeploymentPostprocessing = 0;
		};
		62B9ACB22708D83900BD350F /* Sources */ = {
			isa = PBXSourcesBuildPhase;
			buildActionMask = 2147483647;
			files = (
				62B9ACBB2708D83900BD350F /* walkie_talkieUITests.swift in Sources */,
				62B9ACBD2708D83900BD350F /* walkie_talkieUITestsLaunchTests.swift in Sources */,
			);
			runOnlyForDeploymentPostprocessing = 0;
		};
/* End PBXSourcesBuildPhase section */

/* Begin PBXTargetDependency section */
		62B9ACAE2708D83900BD350F /* PBXTargetDependency */ = {
			isa = PBXTargetDependency;
			target = 62B9AC9B2708D83600BD350F /* walkie-talkie */;
			targetProxy = 62B9ACAD2708D83900BD350F /* PBXContainerItemProxy */;
		};
		62B9ACB82708D83900BD350F /* PBXTargetDependency */ = {
			isa = PBXTargetDependency;
			target = 62B9AC9B2708D83600BD350F /* walkie-talkie */;
			targetProxy = 62B9ACB72708D83900BD350F /* PBXContainerItemProxy */;
		};
/* End PBXTargetDependency section */

/* Begin XCBuildConfiguration section */
		62B9ACBE2708D83900BD350F /* Debug */ = {
			isa = XCBuildConfiguration;
			buildSettings = {
				ALWAYS_SEARCH_USER_PATHS = NO;
				CLANG_ANALYZER_NONNULL = YES;
				CLANG_ANALYZER_NUMBER_OBJECT_CONVERSION = YES_AGGRESSIVE;
				CLANG_CXX_LANGUAGE_STANDARD = "gnu++17";
				CLANG_CXX_LIBRARY = "libc++";
				CLANG_ENABLE_MODULES = YES;
				CLANG_ENABLE_OBJC_ARC = YES;
				CLANG_ENABLE_OBJC_WEAK = YES;
				CLANG_WARN_BLOCK_CAPTURE_AUTORELEASING = YES;
				CLANG_WARN_BOOL_CONVERSION = YES;
				CLANG_WARN_COMMA = YES;
				CLANG_WARN_CONSTANT_CONVERSION = YES;
				CLANG_WARN_DEPRECATED_OBJC_IMPLEMENTATIONS = YES;
				CLANG_WARN_DIRECT_OBJC_ISA_USAGE = YES_ERROR;
				CLANG_WARN_DOCUMENTATION_COMMENTS = YES;
				CLANG_WARN_EMPTY_BODY = YES;
				CLANG_WARN_ENUM_CONVERSION = YES;
				CLANG_WARN_INFINITE_RECURSION = YES;
				CLANG_WARN_INT_CONVERSION = YES;
				CLANG_WARN_NON_LITERAL_NULL_CONVERSION = YES;
				CLANG_WARN_OBJC_IMPLICIT_RETAIN_SELF = YES;
				CLANG_WARN_OBJC_LITERAL_CONVERSION = YES;
				CLANG_WARN_OBJC_ROOT_CLASS = YES_ERROR;
				CLANG_WARN_QUOTED_INCLUDE_IN_FRAMEWORK_HEADER = YES;
				CLANG_WARN_RANGE_LOOP_ANALYSIS = YES;
				CLANG_WARN_STRICT_PROTOTYPES = YES;
				CLANG_WARN_SUSPICIOUS_MOVE = YES;
				CLANG_WARN_UNGUARDED_AVAILABILITY = YES_AGGRESSIVE;
				CLANG_WARN_UNREACHABLE_CODE = YES;
				CLANG_WARN__DUPLICATE_METHOD_MATCH = YES;
				COPY_PHASE_STRIP = NO;
				DEBUG_INFORMATION_FORMAT = dwarf;
				ENABLE_STRICT_OBJC_MSGSEND = YES;
				ENABLE_TESTABILITY = YES;
				GCC_C_LANGUAGE_STANDARD = gnu11;
				GCC_DYNAMIC_NO_PIC = NO;
				GCC_NO_COMMON_BLOCKS = YES;
				GCC_OPTIMIZATION_LEVEL = 0;
				GCC_PREPROCESSOR_DEFINITIONS = (
					"DEBUG=1",
					"$(inherited)",
				);
				GCC_WARN_64_TO_32_BIT_CONVERSION = YES;
				GCC_WARN_ABOUT_RETURN_TYPE = YES_ERROR;
				GCC_WARN_UNDECLARED_SELECTOR = YES;
				GCC_WARN_UNINITIALIZED_AUTOS = YES_AGGRESSIVE;
				GCC_WARN_UNUSED_FUNCTION = YES;
				GCC_WARN_UNUSED_VARIABLE = YES;
				IPHONEOS_DEPLOYMENT_TARGET = 14.4;
				MTL_ENABLE_DEBUG_INFO = INCLUDE_SOURCE;
				MTL_FAST_MATH = YES;
				ONLY_ACTIVE_ARCH = YES;
				SDKROOT = iphoneos;
				SWIFT_ACTIVE_COMPILATION_CONDITIONS = DEBUG;
				SWIFT_OPTIMIZATION_LEVEL = "-Onone";
			};
			name = Debug;
		};
		62B9ACBF2708D83900BD350F /* Release */ = {
			isa = XCBuildConfiguration;
			buildSettings = {
				ALWAYS_SEARCH_USER_PATHS = NO;
				CLANG_ANALYZER_NONNULL = YES;
				CLANG_ANALYZER_NUMBER_OBJECT_CONVERSION = YES_AGGRESSIVE;
				CLANG_CXX_LANGUAGE_STANDARD = "gnu++17";
				CLANG_CXX_LIBRARY = "libc++";
				CLANG_ENABLE_MODULES = YES;
				CLANG_ENABLE_OBJC_ARC = YES;
				CLANG_ENABLE_OBJC_WEAK = YES;
				CLANG_WARN_BLOCK_CAPTURE_AUTORELEASING = YES;
				CLANG_WARN_BOOL_CONVERSION = YES;
				CLANG_WARN_COMMA = YES;
				CLANG_WARN_CONSTANT_CONVERSION = YES;
				CLANG_WARN_DEPRECATED_OBJC_IMPLEMENTATIONS = YES;
				CLANG_WARN_DIRECT_OBJC_ISA_USAGE = YES_ERROR;
				CLANG_WARN_DOCUMENTATION_COMMENTS = YES;
				CLANG_WARN_EMPTY_BODY = YES;
				CLANG_WARN_ENUM_CONVERSION = YES;
				CLANG_WARN_INFINITE_RECURSION = YES;
				CLANG_WARN_INT_CONVERSION = YES;
				CLANG_WARN_NON_LITERAL_NULL_CONVERSION = YES;
				CLANG_WARN_OBJC_IMPLICIT_RETAIN_SELF = YES;
				CLANG_WARN_OBJC_LITERAL_CONVERSION = YES;
				CLANG_WARN_OBJC_ROOT_CLASS = YES_ERROR;
				CLANG_WARN_QUOTED_INCLUDE_IN_FRAMEWORK_HEADER = YES;
				CLANG_WARN_RANGE_LOOP_ANALYSIS = YES;
				CLANG_WARN_STRICT_PROTOTYPES = YES;
				CLANG_WARN_SUSPICIOUS_MOVE = YES;
				CLANG_WARN_UNGUARDED_AVAILABILITY = YES_AGGRESSIVE;
				CLANG_WARN_UNREACHABLE_CODE = YES;
				CLANG_WARN__DUPLICATE_METHOD_MATCH = YES;
				COPY_PHASE_STRIP = NO;
				DEBUG_INFORMATION_FORMAT = "dwarf-with-dsym";
				ENABLE_NS_ASSERTIONS = NO;
				ENABLE_STRICT_OBJC_MSGSEND = YES;
				GCC_C_LANGUAGE_STANDARD = gnu11;
				GCC_NO_COMMON_BLOCKS = YES;
				GCC_WARN_64_TO_32_BIT_CONVERSION = YES;
				GCC_WARN_ABOUT_RETURN_TYPE = YES_ERROR;
				GCC_WARN_UNDECLARED_SELECTOR = YES;
				GCC_WARN_UNINITIALIZED_AUTOS = YES_AGGRESSIVE;
				GCC_WARN_UNUSED_FUNCTION = YES;
				GCC_WARN_UNUSED_VARIABLE = YES;
				IPHONEOS_DEPLOYMENT_TARGET = 14.4;
				MTL_ENABLE_DEBUG_INFO = NO;
				MTL_FAST_MATH = YES;
				SDKROOT = iphoneos;
				SWIFT_COMPILATION_MODE = wholemodule;
				SWIFT_OPTIMIZATION_LEVEL = "-O";
				VALIDATE_PRODUCT = YES;
			};
			name = Release;
		};
		62B9ACC12708D83900BD350F /* Debug */ = {
			isa = XCBuildConfiguration;
			buildSettings = {
				ASSETCATALOG_COMPILER_APPICON_NAME = AppIcon;
				ASSETCATALOG_COMPILER_GLOBAL_ACCENT_COLOR_NAME = AccentColor;
				CODE_SIGN_STYLE = Automatic;
				CURRENT_PROJECT_VERSION = 1;
				DEVELOPMENT_ASSET_PATHS = "\"walkie-talkie/Preview Content\"";
				DEVELOPMENT_TEAM = 2XJ7AA238S;
				ENABLE_PREVIEWS = YES;
				GENERATE_INFOPLIST_FILE = YES;
				INFOPLIST_FILE = "walkie-talkie/Info.plist";
				INFOPLIST_KEY_UIApplicationSceneManifest_Generation = YES;
				INFOPLIST_KEY_UIApplicationSupportsIndirectInputEvents = YES;
				INFOPLIST_KEY_UILaunchScreen_Generation = YES;
				INFOPLIST_KEY_UISupportedInterfaceOrientations_iPad = "UIInterfaceOrientationPortrait UIInterfaceOrientationPortraitUpsideDown UIInterfaceOrientationLandscapeLeft UIInterfaceOrientationLandscapeRight";
				INFOPLIST_KEY_UISupportedInterfaceOrientations_iPhone = "UIInterfaceOrientationPortrait UIInterfaceOrientationLandscapeLeft UIInterfaceOrientationLandscapeRight";
				IPHONEOS_DEPLOYMENT_TARGET = 14.0;
				LD_RUNPATH_SEARCH_PATHS = (
					"$(inherited)",
					"@executable_path/Frameworks",
				);
				MARKETING_VERSION = 1.0;
				PRODUCT_BUNDLE_IDENTIFIER = "nika.walkie-talkie";
				PRODUCT_NAME = "$(TARGET_NAME)";
				SWIFT_EMIT_LOC_STRINGS = YES;
				SWIFT_VERSION = 5.0;
				TARGETED_DEVICE_FAMILY = "1,2";
			};
			name = Debug;
		};
		62B9ACC22708D83900BD350F /* Release */ = {
			isa = XCBuildConfiguration;
			buildSettings = {
				ASSETCATALOG_COMPILER_APPICON_NAME = AppIcon;
				ASSETCATALOG_COMPILER_GLOBAL_ACCENT_COLOR_NAME = AccentColor;
				CODE_SIGN_STYLE = Automatic;
				CURRENT_PROJECT_VERSION = 1;
				DEVELOPMENT_ASSET_PATHS = "\"walkie-talkie/Preview Content\"";
				DEVELOPMENT_TEAM = 2XJ7AA238S;
				ENABLE_PREVIEWS = YES;
				GENERATE_INFOPLIST_FILE = YES;
				INFOPLIST_FILE = "walkie-talkie/Info.plist";
				INFOPLIST_KEY_UIApplicationSceneManifest_Generation = YES;
				INFOPLIST_KEY_UIApplicationSupportsIndirectInputEvents = YES;
				INFOPLIST_KEY_UILaunchScreen_Generation = YES;
				INFOPLIST_KEY_UISupportedInterfaceOrientations_iPad = "UIInterfaceOrientationPortrait UIInterfaceOrientationPortraitUpsideDown UIInterfaceOrientationLandscapeLeft UIInterfaceOrientationLandscapeRight";
				INFOPLIST_KEY_UISupportedInterfaceOrientations_iPhone = "UIInterfaceOrientationPortrait UIInterfaceOrientationLandscapeLeft UIInterfaceOrientationLandscapeRight";
				IPHONEOS_DEPLOYMENT_TARGET = 14.0;
				LD_RUNPATH_SEARCH_PATHS = (
					"$(inherited)",
					"@executable_path/Frameworks",
				);
				MARKETING_VERSION = 1.0;
				PRODUCT_BUNDLE_IDENTIFIER = "nika.walkie-talkie";
				PRODUCT_NAME = "$(TARGET_NAME)";
				SWIFT_EMIT_LOC_STRINGS = YES;
				SWIFT_VERSION = 5.0;
				TARGETED_DEVICE_FAMILY = "1,2";
			};
			name = Release;
		};
		62B9ACC42708D83900BD350F /* Debug */ = {
			isa = XCBuildConfiguration;
			buildSettings = {
				ALWAYS_EMBED_SWIFT_STANDARD_LIBRARIES = YES;
				BUNDLE_LOADER = "$(TEST_HOST)";
				CODE_SIGN_STYLE = Automatic;
				CURRENT_PROJECT_VERSION = 1;
				DEVELOPMENT_TEAM = 2XJ7AA238S;
				GENERATE_INFOPLIST_FILE = YES;
				IPHONEOS_DEPLOYMENT_TARGET = 14.0;
				LD_RUNPATH_SEARCH_PATHS = (
					"$(inherited)",
					"@executable_path/Frameworks",
					"@loader_path/Frameworks",
				);
				MARKETING_VERSION = 1.0;
				PRODUCT_BUNDLE_IDENTIFIER = "nika.walkie-talkieTests";
				PRODUCT_NAME = "$(TARGET_NAME)";
				SWIFT_EMIT_LOC_STRINGS = NO;
				SWIFT_VERSION = 5.0;
				TARGETED_DEVICE_FAMILY = "1,2";
				TEST_HOST = "$(BUILT_PRODUCTS_DIR)/walkie-talkie.app/walkie-talkie";
			};
			name = Debug;
		};
		62B9ACC52708D83900BD350F /* Release */ = {
			isa = XCBuildConfiguration;
			buildSettings = {
				ALWAYS_EMBED_SWIFT_STANDARD_LIBRARIES = YES;
				BUNDLE_LOADER = "$(TEST_HOST)";
				CODE_SIGN_STYLE = Automatic;
				CURRENT_PROJECT_VERSION = 1;
				DEVELOPMENT_TEAM = 2XJ7AA238S;
				GENERATE_INFOPLIST_FILE = YES;
				IPHONEOS_DEPLOYMENT_TARGET = 14.0;
				LD_RUNPATH_SEARCH_PATHS = (
					"$(inherited)",
					"@executable_path/Frameworks",
					"@loader_path/Frameworks",
				);
				MARKETING_VERSION = 1.0;
				PRODUCT_BUNDLE_IDENTIFIER = "nika.walkie-talkieTests";
				PRODUCT_NAME = "$(TARGET_NAME)";
				SWIFT_EMIT_LOC_STRINGS = NO;
				SWIFT_VERSION = 5.0;
				TARGETED_DEVICE_FAMILY = "1,2";
				TEST_HOST = "$(BUILT_PRODUCTS_DIR)/walkie-talkie.app/walkie-talkie";
			};
			name = Release;
		};
		62B9ACC72708D83900BD350F /* Debug */ = {
			isa = XCBuildConfiguration;
			buildSettings = {
				ALWAYS_EMBED_SWIFT_STANDARD_LIBRARIES = YES;
				CODE_SIGN_STYLE = Automatic;
				CURRENT_PROJECT_VERSION = 1;
				DEVELOPMENT_TEAM = 2XJ7AA238S;
				GENERATE_INFOPLIST_FILE = YES;
				LD_RUNPATH_SEARCH_PATHS = (
					"$(inherited)",
					"@executable_path/Frameworks",
					"@loader_path/Frameworks",
				);
				MARKETING_VERSION = 1.0;
				PRODUCT_BUNDLE_IDENTIFIER = "nika.walkie-talkieUITests";
				PRODUCT_NAME = "$(TARGET_NAME)";
				SWIFT_EMIT_LOC_STRINGS = NO;
				SWIFT_VERSION = 5.0;
				TARGETED_DEVICE_FAMILY = "1,2";
				TEST_TARGET_NAME = "walkie-talkie";
			};
			name = Debug;
		};
		62B9ACC82708D83900BD350F /* Release */ = {
			isa = XCBuildConfiguration;
			buildSettings = {
				ALWAYS_EMBED_SWIFT_STANDARD_LIBRARIES = YES;
				CODE_SIGN_STYLE = Automatic;
				CURRENT_PROJECT_VERSION = 1;
				DEVELOPMENT_TEAM = 2XJ7AA238S;
				GENERATE_INFOPLIST_FILE = YES;
				LD_RUNPATH_SEARCH_PATHS = (
					"$(inherited)",
					"@executable_path/Frameworks",
					"@loader_path/Frameworks",
				);
				MARKETING_VERSION = 1.0;
				PRODUCT_BUNDLE_IDENTIFIER = "nika.walkie-talkieUITests";
				PRODUCT_NAME = "$(TARGET_NAME)";
				SWIFT_EMIT_LOC_STRINGS = NO;
				SWIFT_VERSION = 5.0;
				TARGETED_DEVICE_FAMILY = "1,2";
				TEST_TARGET_NAME = "walkie-talkie";
			};
			name = Release;
		};
/* End XCBuildConfiguration section */

/* Begin XCConfigurationList section */
		62B9AC972708D83600BD350F /* Build configuration list for PBXProject "walkie-talkie" */ = {
			isa = XCConfigurationList;
			buildConfigurations = (
				62B9ACBE2708D83900BD350F /* Debug */,
				62B9ACBF2708D83900BD350F /* Release */,
			);
			defaultConfigurationIsVisible = 0;
			defaultConfigurationName = Release;
		};
		62B9ACC02708D83900BD350F /* Build configuration list for PBXNativeTarget "walkie-talkie" */ = {
			isa = XCConfigurationList;
			buildConfigurations = (
				62B9ACC12708D83900BD350F /* Debug */,
				62B9ACC22708D83900BD350F /* Release */,
			);
			defaultConfigurationIsVisible = 0;
			defaultConfigurationName = Release;
		};
		62B9ACC32708D83900BD350F /* Build configuration list for PBXNativeTarget "walkie-talkieTests" */ = {
			isa = XCConfigurationList;
			buildConfigurations = (
				62B9ACC42708D83900BD350F /* Debug */,
				62B9ACC52708D83900BD350F /* Release */,
			);
			defaultConfigurationIsVisible = 0;
			defaultConfigurationName = Release;
		};
		62B9ACC62708D83900BD350F /* Build configuration list for PBXNativeTarget "walkie-talkieUITests" */ = {
			isa = XCConfigurationList;
			buildConfigurations = (
				62B9ACC72708D83900BD350F /* Debug */,
				62B9ACC82708D83900BD350F /* Release */,
			);
			defaultConfigurationIsVisible = 0;
			defaultConfigurationName = Release;
		};
/* End XCConfigurationList section */

/* Begin XCRemoteSwiftPackageReference section */
		62794382270A579D00330294 /* XCRemoteSwiftPackageReference "swiftui-pull-to-refresh" */ = {
			isa = XCRemoteSwiftPackageReference;
			repositoryURL = "https://github.com/globulus/swiftui-pull-to-refresh";
			requirement = {
				kind = upToNextMajorVersion;
				minimumVersion = 1.0.0;
			};
		};
		6279438B270A968F00330294 /* XCRemoteSwiftPackageReference "Loading-Animations" */ = {
			isa = XCRemoteSwiftPackageReference;
			repositoryURL = "https://github.com/nikae/Loading-Animations.git";
			requirement = {
				kind = upToNextMajorVersion;
				minimumVersion = 1.0.0;
			};
		};
/* End XCRemoteSwiftPackageReference section */

/* Begin XCSwiftPackageProductDependency section */
		62794383270A579D00330294 /* SwiftUIPullToRefresh */ = {
			isa = XCSwiftPackageProductDependency;
			package = 62794382270A579D00330294 /* XCRemoteSwiftPackageReference "swiftui-pull-to-refresh" */;
			productName = SwiftUIPullToRefresh;
		};
		6279438C270A968F00330294 /* CircleLinesAnimation */ = {
			isa = XCSwiftPackageProductDependency;
			package = 6279438B270A968F00330294 /* XCRemoteSwiftPackageReference "Loading-Animations" */;
			productName = CircleLinesAnimation;
		};
/* End XCSwiftPackageProductDependency section */
	};
	rootObject = 62B9AC942708D83600BD350F /* Project object */;
}
